
Microsoft Visual Studio Solution File, Format Version 12.00
# Visual Studio Version 17
VisualStudioVersion = 17.6.33815.320
MinimumVisualStudioVersion = 10.0.40219.1
Project("{2150E333-8FDC-42A3-9474-1A3956D46DE8}") = "Frontends", "Frontends", "{B1F83E5D-4275-4F3F-B5CB-59503EF0DDD2}"
EndProject
Project("{2150E333-8FDC-42A3-9474-1A3956D46DE8}") = "Services", "Services", "{EBEE82D7-2C75-4D4F-B260-3A750EA9878F}"
EndProject
Project("{2150E333-8FDC-42A3-9474-1A3956D46DE8}") = "Basket", "Basket", "{5F099857-9CEA-4F22-9805-8EEF58227996}"
EndProject
Project("{2150E333-8FDC-42A3-9474-1A3956D46DE8}") = "Catalog", "Catalog", "{E98707BF-1D78-4896-914F-930C52D0EFDF}"
EndProject
Project("{2150E333-8FDC-42A3-9474-1A3956D46DE8}") = "Order", "Order", "{5AF56F9D-9DE4-4A74-9662-B77B50535218}"
EndProject
Project("{2150E333-8FDC-42A3-9474-1A3956D46DE8}") = "Payment", "Payment", "{0D626573-2395-49EE-95FC-49FCD803784C}"
EndProject
Project("{2150E333-8FDC-42A3-9474-1A3956D46DE8}") = "Discount", "Discount", "{17D16482-9490-418E-9344-626144FA3093}"
EndProject
Project("{2150E333-8FDC-42A3-9474-1A3956D46DE8}") = "ToDo", "ToDo", "{2585DBD2-FBC4-4FA6-9CEA-FD0EBC70DB1F}"
EndProject
Project("{2150E333-8FDC-42A3-9474-1A3956D46DE8}") = "Gateways", "Gateways", "{FD11AE81-F320-4D67-B23E-994A595B5C0F}"
EndProject
Project("{2150E333-8FDC-42A3-9474-1A3956D46DE8}") = "Cargo", "Cargo", "{D3569294-3379-4D83-9B22-961B820FB6FE}"
EndProject
Project("{9A19103F-16F7-4668-BE54-9A1E7A4F7556}") = "MicroServices.Basket", "Services\Basket\MicroServices.Basket\MicroServices.Basket.csproj", "{FAF0DAF1-E339-4ACE-A4D4-0566125C9DED}"
EndProject
Project("{9A19103F-16F7-4668-BE54-9A1E7A4F7556}") = "MicroServices.Catalog", "Services\Catalog\MicroServices.Catalog\MicroServices.Catalog.csproj", "{5D7AA813-70EE-46FD-90AC-E2C591177C20}"
EndProject
Project("{9A19103F-16F7-4668-BE54-9A1E7A4F7556}") = "MicroServices.Discount", "Services\Discount\MicroServices.Discount\MicroServices.Discount.csproj", "{7B467C82-02F1-41C7-B4E4-D4A7690DFC74}"
EndProject
Project("{9A19103F-16F7-4668-BE54-9A1E7A4F7556}") = "MicroServices.Payment", "Services\Payment\MicroServices.Payment\MicroServices.Payment.csproj", "{F483A943-D69D-4F4D-98C4-CDE202DEA48F}"
EndProject
Project("{9A19103F-16F7-4668-BE54-9A1E7A4F7556}") = "MicroServices.Order", "Services\Order\MicroServices.Order\MicroServices.Order.csproj", "{3123F324-8B62-4973-AB23-53B4D70E26B6}"
EndProject
Project("{9A19103F-16F7-4668-BE54-9A1E7A4F7556}") = "MicroServices.Cargo", "Services\Cargo\MicroServices.Cargo\MicroServices.Cargo.csproj", "{A9762C06-2196-4AD7-A72D-36E0BBBA059D}"
EndProject
Project("{2150E333-8FDC-42A3-9474-1A3956D46DE8}") = "Shared", "Shared", "{04AC2EEC-21C5-439B-9DA0-F48E1E85066B}"
EndProject
Project("{9A19103F-16F7-4668-BE54-9A1E7A4F7556}") = "MicroServices.Shared", "Shared\MicroServices.Shared\MicroServices.Shared.csproj", "{D74CB53A-B633-448C-853B-7BAAA34A142A}"
EndProject
Project("{2150E333-8FDC-42A3-9474-1A3956D46DE8}") = "IdentityServer", "IdentityServer", "{30DE6FD5-66A7-4888-AD74-E8A1B21D9885}"
EndProject
Project("{9A19103F-16F7-4668-BE54-9A1E7A4F7556}") = "MicroServices.IdentityServer", "IdentityServer\MicroServices.IdentityServer\MicroServices.IdentityServer.csproj", "{AA437C66-AB16-4CF4-9CC7-4813CDBAB4BB}"
EndProject
Global
	GlobalSection(SolutionConfigurationPlatforms) = preSolution
		Debug|Any CPU = Debug|Any CPU
		Release|Any CPU = Release|Any CPU
	EndGlobalSection
	GlobalSection(ProjectConfigurationPlatforms) = postSolution
		{FAF0DAF1-E339-4ACE-A4D4-0566125C9DED}.Debug|Any CPU.ActiveCfg = Debug|Any CPU
		{FAF0DAF1-E339-4ACE-A4D4-0566125C9DED}.Debug|Any CPU.Build.0 = Debug|Any CPU
		{FAF0DAF1-E339-4ACE-A4D4-0566125C9DED}.Release|Any CPU.ActiveCfg = Release|Any CPU
		{FAF0DAF1-E339-4ACE-A4D4-0566125C9DED}.Release|Any CPU.Build.0 = Release|Any CPU
		{5D7AA813-70EE-46FD-90AC-E2C591177C20}.Debug|Any CPU.ActiveCfg = Debug|Any CPU
		{5D7AA813-70EE-46FD-90AC-E2C591177C20}.Debug|Any CPU.Build.0 = Debug|Any CPU
		{5D7AA813-70EE-46FD-90AC-E2C591177C20}.Release|Any CPU.ActiveCfg = Release|Any CPU
		{5D7AA813-70EE-46FD-90AC-E2C591177C20}.Release|Any CPU.Build.0 = Release|Any CPU
		{7B467C82-02F1-41C7-B4E4-D4A7690DFC74}.Debug|Any CPU.ActiveCfg = Debug|Any CPU
		{7B467C82-02F1-41C7-B4E4-D4A7690DFC74}.Debug|Any CPU.Build.0 = Debug|Any CPU
		{7B467C82-02F1-41C7-B4E4-D4A7690DFC74}.Release|Any CPU.ActiveCfg = Release|Any CPU
		{7B467C82-02F1-41C7-B4E4-D4A7690DFC74}.Release|Any CPU.Build.0 = Release|Any CPU
		{F483A943-D69D-4F4D-98C4-CDE202DEA48F}.Debug|Any CPU.ActiveCfg = Debug|Any CPU
		{F483A943-D69D-4F4D-98C4-CDE202DEA48F}.Debug|Any CPU.Build.0 = Debug|Any CPU
		{F483A943-D69D-4F4D-98C4-CDE202DEA48F}.Release|Any CPU.ActiveCfg = Release|Any CPU
		{F483A943-D69D-4F4D-98C4-CDE202DEA48F}.Release|Any CPU.Build.0 = Release|Any CPU
		{3123F324-8B62-4973-AB23-53B4D70E26B6}.Debug|Any CPU.ActiveCfg = Debug|Any CPU
		{3123F324-8B62-4973-AB23-53B4D70E26B6}.Debug|Any CPU.Build.0 = Debug|Any CPU
		{3123F324-8B62-4973-AB23-53B4D70E26B6}.Release|Any CPU.ActiveCfg = Release|Any CPU
		{3123F324-8B62-4973-AB23-53B4D70E26B6}.Release|Any CPU.Build.0 = Release|Any CPU
		{A9762C06-2196-4AD7-A72D-36E0BBBA059D}.Debug|Any CPU.ActiveCfg = Debug|Any CPU
		{A9762C06-2196-4AD7-A72D-36E0BBBA059D}.Debug|Any CPU.Build.0 = Debug|Any CPU
		{A9762C06-2196-4AD7-A72D-36E0BBBA059D}.Release|Any CPU.ActiveCfg = Release|Any CPU
		{A9762C06-2196-4AD7-A72D-36E0BBBA059D}.Release|Any CPU.Build.0 = Release|Any CPU
		{D74CB53A-B633-448C-853B-7BAAA34A142A}.Debug|Any CPU.ActiveCfg = Debug|Any CPU
		{D74CB53A-B633-448C-853B-7BAAA34A142A}.Debug|Any CPU.Build.0 = Debug|Any CPU
		{D74CB53A-B633-448C-853B-7BAAA34A142A}.Release|Any CPU.ActiveCfg = Release|Any CPU
		{D74CB53A-B633-448C-853B-7BAAA34A142A}.Release|Any CPU.Build.0 = Release|Any CPU
		{AA437C66-AB16-4CF4-9CC7-4813CDBAB4BB}.Debug|Any CPU.ActiveCfg = Debug|Any CPU
		{AA437C66-AB16-4CF4-9CC7-4813CDBAB4BB}.Debug|Any CPU.Build.0 = Debug|Any CPU
		{AA437C66-AB16-4CF4-9CC7-4813CDBAB4BB}.Release|Any CPU.ActiveCfg = Release|Any CPU
		{AA437C66-AB16-4CF4-9CC7-4813CDBAB4BB}.Release|Any CPU.Build.0 = Release|Any CPU
	EndGlobalSection
	GlobalSection(SolutionProperties) = preSolution
		HideSolutionNode = FALSE
	EndGlobalSection
	GlobalSection(NestedProjects) = preSolution
		{5F099857-9CEA-4F22-9805-8EEF58227996} = {EBEE82D7-2C75-4D4F-B260-3A750EA9878F}
		{E98707BF-1D78-4896-914F-930C52D0EFDF} = {EBEE82D7-2C75-4D4F-B260-3A750EA9878F}
		{5AF56F9D-9DE4-4A74-9662-B77B50535218} = {EBEE82D7-2C75-4D4F-B260-3A750EA9878F}
		{0D626573-2395-49EE-95FC-49FCD803784C} = {EBEE82D7-2C75-4D4F-B260-3A750EA9878F}
		{17D16482-9490-418E-9344-626144FA3093} = {EBEE82D7-2C75-4D4F-B260-3A750EA9878F}
		{D3569294-3379-4D83-9B22-961B820FB6FE} = {EBEE82D7-2C75-4D4F-B260-3A750EA9878F}
		{FAF0DAF1-E339-4ACE-A4D4-0566125C9DED} = {5F099857-9CEA-4F22-9805-8EEF58227996}
		{5D7AA813-70EE-46FD-90AC-E2C591177C20} = {E98707BF-1D78-4896-914F-930C52D0EFDF}
		{7B467C82-02F1-41C7-B4E4-D4A7690DFC74} = {17D16482-9490-418E-9344-626144FA3093}
		{F483A943-D69D-4F4D-98C4-CDE202DEA48F} = {0D626573-2395-49EE-95FC-49FCD803784C}
		{3123F324-8B62-4973-AB23-53B4D70E26B6} = {5AF56F9D-9DE4-4A74-9662-B77B50535218}
		{A9762C06-2196-4AD7-A72D-36E0BBBA059D} = {D3569294-3379-4D83-9B22-961B820FB6FE}
		{D74CB53A-B633-448C-853B-7BAAA34A142A} = {04AC2EEC-21C5-439B-9DA0-F48E1E85066B}
		{AA437C66-AB16-4CF4-9CC7-4813CDBAB4BB} = {30DE6FD5-66A7-4888-AD74-E8A1B21D9885}
	EndGlobalSection
	GlobalSection(ExtensibilityGlobals) = postSolution
		SolutionGuid = {49517187-B54E-4231-80FC-30F76BA8BAA8}
	EndGlobalSection
EndGlobal
